
Microsoft Visual Studio Solution File, Format Version 12.00
Project("{FAE04EC0-301F-11D3-BF4B-00C04F79EFBC}") = "_CursoMicrosoftCSharp", "_CursoMicrosoftCSharp\_CursoMicrosoftCSharp.csproj", "{18584296-D437-473A-A05A-C2467AAE2463}"
EndProject
Project("{FAE04EC0-301F-11D3-BF4B-00C04F79EFBC}") = "_ExerciseCondicional", "_ExerciseCondicional\_ExerciseCondicional.csproj", "{AB62C7EC-4945-497E-A952-9974B376E8ED}"
EndProject
Project("{FAE04EC0-301F-11D3-BF4B-00C04F79EFBC}") = "_Matriz", "_Matriz\_Matriz.csproj", "{06F993A3-381B-4111-A06A-4DFCACA74162}"
EndProject
Project("{FAE04EC0-301F-11D3-BF4B-00C04F79EFBC}") = "_ExerciseMatriz", "_ExerciseMatriz\_ExerciseMatriz.csproj", "{CB0BFC77-AF49-4818-8025-9BDC92989836}"
EndProject
Project("{FAE04EC0-301F-11D3-BF4B-00C04F79EFBC}") = "_ExerciseMatrizDados", "_ExerciseMatrizDados\_ExerciseMatrizDados.csproj", "{A5805C42-8612-4B24-BDAC-01547F7133C4}"
EndProject
Project("{FAE04EC0-301F-11D3-BF4B-00C04F79EFBC}") = "ExpressaoBooleana", "ExpressaoBooleana\ExpressaoBooleana.csproj", "{48BEF72D-EBEA-41C2-85A9-6A28F218B8BD}"
EndProject
Project("{FAE04EC0-301F-11D3-BF4B-00C04F79EFBC}") = "OperadorCondicional", "OperadorCondicional\OperadorCondicional.csproj", "{A53D6B6D-95C1-485B-8F42-0D22F7BFD2DC}"
EndProject
Project("{FAE04EC0-301F-11D3-BF4B-00C04F79EFBC}") = "_exerciseHeadsTails", "_exerciseHeadsTails\_exerciseHeadsTails.csproj", "{6C363037-5011-4C27-B37B-D1D9E75E83B6}"
EndProject
Project("{FAE04EC0-301F-11D3-BF4B-00C04F79EFBC}") = "_exerciseAdmin", "_exerciseAdmin\_exerciseAdmin.csproj", "{3686F1EB-1F45-4A71-AD2C-99B4027580F5}"
EndProject
Project("{FAE04EC0-301F-11D3-BF4B-00C04F79EFBC}") = "_AuxilliaryMethods", "_AuxilliaryMethods\_AuxilliaryMethods.csproj", "{3A5B0C3E-CE0E-4989-AC0A-BC4AB1699FE5}"
EndProject
Global
	GlobalSection(SolutionConfigurationPlatforms) = preSolution
		Debug|Any CPU = Debug|Any CPU
		Release|Any CPU = Release|Any CPU
	EndGlobalSection
	GlobalSection(ProjectConfigurationPlatforms) = postSolution
		{18584296-D437-473A-A05A-C2467AAE2463}.Debug|Any CPU.ActiveCfg = Debug|Any CPU
		{18584296-D437-473A-A05A-C2467AAE2463}.Debug|Any CPU.Build.0 = Debug|Any CPU
		{18584296-D437-473A-A05A-C2467AAE2463}.Release|Any CPU.ActiveCfg = Release|Any CPU
		{18584296-D437-473A-A05A-C2467AAE2463}.Release|Any CPU.Build.0 = Release|Any CPU
		{AB62C7EC-4945-497E-A952-9974B376E8ED}.Debug|Any CPU.ActiveCfg = Debug|Any CPU
		{AB62C7EC-4945-497E-A952-9974B376E8ED}.Debug|Any CPU.Build.0 = Debug|Any CPU
		{AB62C7EC-4945-497E-A952-9974B376E8ED}.Release|Any CPU.ActiveCfg = Release|Any CPU
		{AB62C7EC-4945-497E-A952-9974B376E8ED}.Release|Any CPU.Build.0 = Release|Any CPU
		{06F993A3-381B-4111-A06A-4DFCACA74162}.Debug|Any CPU.ActiveCfg = Debug|Any CPU
		{06F993A3-381B-4111-A06A-4DFCACA74162}.Debug|Any CPU.Build.0 = Debug|Any CPU
		{06F993A3-381B-4111-A06A-4DFCACA74162}.Release|Any CPU.ActiveCfg = Release|Any CPU
		{06F993A3-381B-4111-A06A-4DFCACA74162}.Release|Any CPU.Build.0 = Release|Any CPU
		{CB0BFC77-AF49-4818-8025-9BDC92989836}.Debug|Any CPU.ActiveCfg = Debug|Any CPU
		{CB0BFC77-AF49-4818-8025-9BDC92989836}.Debug|Any CPU.Build.0 = Debug|Any CPU
		{CB0BFC77-AF49-4818-8025-9BDC92989836}.Release|Any CPU.ActiveCfg = Release|Any CPU
		{CB0BFC77-AF49-4818-8025-9BDC92989836}.Release|Any CPU.Build.0 = Release|Any CPU
		{A5805C42-8612-4B24-BDAC-01547F7133C4}.Debug|Any CPU.ActiveCfg = Debug|Any CPU
		{A5805C42-8612-4B24-BDAC-01547F7133C4}.Debug|Any CPU.Build.0 = Debug|Any CPU
		{A5805C42-8612-4B24-BDAC-01547F7133C4}.Release|Any CPU.ActiveCfg = Release|Any CPU
		{A5805C42-8612-4B24-BDAC-01547F7133C4}.Release|Any CPU.Build.0 = Release|Any CPU
		{48BEF72D-EBEA-41C2-85A9-6A28F218B8BD}.Debug|Any CPU.ActiveCfg = Debug|Any CPU
		{48BEF72D-EBEA-41C2-85A9-6A28F218B8BD}.Debug|Any CPU.Build.0 = Debug|Any CPU
		{48BEF72D-EBEA-41C2-85A9-6A28F218B8BD}.Release|Any CPU.ActiveCfg = Release|Any CPU
		{48BEF72D-EBEA-41C2-85A9-6A28F218B8BD}.Release|Any CPU.Build.0 = Release|Any CPU
		{A53D6B6D-95C1-485B-8F42-0D22F7BFD2DC}.Debug|Any CPU.ActiveCfg = Debug|Any CPU
		{A53D6B6D-95C1-485B-8F42-0D22F7BFD2DC}.Debug|Any CPU.Build.0 = Debug|Any CPU
		{A53D6B6D-95C1-485B-8F42-0D22F7BFD2DC}.Release|Any CPU.ActiveCfg = Release|Any CPU
		{A53D6B6D-95C1-485B-8F42-0D22F7BFD2DC}.Release|Any CPU.Build.0 = Release|Any CPU
		{6C363037-5011-4C27-B37B-D1D9E75E83B6}.Debug|Any CPU.ActiveCfg = Debug|Any CPU
		{6C363037-5011-4C27-B37B-D1D9E75E83B6}.Debug|Any CPU.Build.0 = Debug|Any CPU
		{6C363037-5011-4C27-B37B-D1D9E75E83B6}.Release|Any CPU.ActiveCfg = Release|Any CPU
		{6C363037-5011-4C27-B37B-D1D9E75E83B6}.Release|Any CPU.Build.0 = Release|Any CPU
		{3686F1EB-1F45-4A71-AD2C-99B4027580F5}.Debug|Any CPU.ActiveCfg = Debug|Any CPU
		{3686F1EB-1F45-4A71-AD2C-99B4027580F5}.Debug|Any CPU.Build.0 = Debug|Any CPU
		{3686F1EB-1F45-4A71-AD2C-99B4027580F5}.Release|Any CPU.ActiveCfg = Release|Any CPU
		{3686F1EB-1F45-4A71-AD2C-99B4027580F5}.Release|Any CPU.Build.0 = Release|Any CPU
		{3A5B0C3E-CE0E-4989-AC0A-BC4AB1699FE5}.Debug|Any CPU.ActiveCfg = Debug|Any CPU
		{3A5B0C3E-CE0E-4989-AC0A-BC4AB1699FE5}.Debug|Any CPU.Build.0 = Debug|Any CPU
		{3A5B0C3E-CE0E-4989-AC0A-BC4AB1699FE5}.Release|Any CPU.ActiveCfg = Release|Any CPU
		{3A5B0C3E-CE0E-4989-AC0A-BC4AB1699FE5}.Release|Any CPU.Build.0 = Release|Any CPU
	EndGlobalSection
EndGlobal
